{
  "name": "Resume Generator",
  "lockfileVersion": 3,
  "requires": true,
  "packages": {
    "": {
      "dependencies": {
        "tailwindcss-animated": "^2.0.0"
      }
    },
    "node_modules/tailwindcss": {
      "version": "4.1.17",
      "resolved": "https://registry.npmjs.org/tailwindcss/-/tailwindcss-4.1.17.tgz",
      "integrity": "sha512-j9Ee2YjuQqYT9bbRTfTZht9W/ytp5H+jJpZKiYdP/bpnXARAuELt9ofP0lPnmHjbga7SNQIxdTAXCmtKVYjN+Q==",
      "license": "MIT",
      "peer": true
    },
    "node_modules/tailwindcss-animated": {
      "version": "2.0.0",
      "resolved": "https://registry.npmjs.org/tailwindcss-animated/-/tailwindcss-animated-2.0.0.tgz",
      "integrity": "sha512-anNNGpxNgjydD8p1lcJjxxH+XbjW6KR8Xs29owTrbcf3tOJ6IRblpyFob43HBkfxFJJTAfFQqugoEG2b1EsR0A==",
      "license": "MIT",
      "peerDependencies": {
        "tailwindcss": ">=3.1.0 || >=4.0.0"
      }
    }
  }
}
